
Microsoft Visual Studio Solution File, Format Version 12.00
# Visual Studio Version 16
VisualStudioVersion = 16.0.809.10
MinimumVisualStudioVersion = 10.0.40219.1
Project("{FAE04EC0-301F-11D3-BF4B-00C04F79EFBC}") = "PuulaakiLiiga", "PuulaakiLiiga\PuulaakiLiiga.csproj", "{4912D2B5-AFC6-4BA5-BEAA-069546763B23}"
EndProject
Project("{FAE04EC0-301F-11D3-BF4B-00C04F79EFBC}") = "TeamManagerClassLibrary", "TeamManagerClassLibrary\TeamManagerClassLibrary.csproj", "{55681E13-D158-4DCC-B86D-8BA68E78E28B}"
EndProject
Project("{2150E333-8FDC-42A3-9474-1A3956D46DE8}") = "tests", "tests", "{0AB3BF05-4346-4AA6-1389-037BE0695223}"
EndProject
Project("{FAE04EC0-301F-11D3-BF4B-00C04F79EFBC}") = "PuulaakiLiiga.Tests", "tests\PuulaakiLiiga.Tests\PuulaakiLiiga.Tests.csproj", "{8F3B15DF-0234-4175-B382-784B756C1187}"
EndProject
Global
	GlobalSection(SolutionConfigurationPlatforms) = preSolution
		Debug|Any CPU = Debug|Any CPU
		Debug|x64 = Debug|x64
		Debug|x86 = Debug|x86
		Release|Any CPU = Release|Any CPU
		Release|x64 = Release|x64
		Release|x86 = Release|x86
	EndGlobalSection
	GlobalSection(ProjectConfigurationPlatforms) = postSolution
		{4912D2B5-AFC6-4BA5-BEAA-069546763B23}.Debug|Any CPU.ActiveCfg = Debug|Any CPU
		{4912D2B5-AFC6-4BA5-BEAA-069546763B23}.Debug|Any CPU.Build.0 = Debug|Any CPU
		{4912D2B5-AFC6-4BA5-BEAA-069546763B23}.Debug|x64.ActiveCfg = Debug|Any CPU
		{4912D2B5-AFC6-4BA5-BEAA-069546763B23}.Debug|x64.Build.0 = Debug|Any CPU
		{4912D2B5-AFC6-4BA5-BEAA-069546763B23}.Debug|x86.ActiveCfg = Debug|Any CPU
		{4912D2B5-AFC6-4BA5-BEAA-069546763B23}.Debug|x86.Build.0 = Debug|Any CPU
		{4912D2B5-AFC6-4BA5-BEAA-069546763B23}.Release|Any CPU.ActiveCfg = Release|Any CPU
		{4912D2B5-AFC6-4BA5-BEAA-069546763B23}.Release|Any CPU.Build.0 = Release|Any CPU
		{4912D2B5-AFC6-4BA5-BEAA-069546763B23}.Release|x64.ActiveCfg = Release|Any CPU
		{4912D2B5-AFC6-4BA5-BEAA-069546763B23}.Release|x64.Build.0 = Release|Any CPU
		{4912D2B5-AFC6-4BA5-BEAA-069546763B23}.Release|x86.ActiveCfg = Release|Any CPU
		{4912D2B5-AFC6-4BA5-BEAA-069546763B23}.Release|x86.Build.0 = Release|Any CPU
		{55681E13-D158-4DCC-B86D-8BA68E78E28B}.Debug|Any CPU.ActiveCfg = Debug|Any CPU
		{55681E13-D158-4DCC-B86D-8BA68E78E28B}.Debug|Any CPU.Build.0 = Debug|Any CPU
		{55681E13-D158-4DCC-B86D-8BA68E78E28B}.Debug|x64.ActiveCfg = Debug|Any CPU
		{55681E13-D158-4DCC-B86D-8BA68E78E28B}.Debug|x64.Build.0 = Debug|Any CPU
		{55681E13-D158-4DCC-B86D-8BA68E78E28B}.Debug|x86.ActiveCfg = Debug|Any CPU
		{55681E13-D158-4DCC-B86D-8BA68E78E28B}.Debug|x86.Build.0 = Debug|Any CPU
		{55681E13-D158-4DCC-B86D-8BA68E78E28B}.Release|Any CPU.ActiveCfg = Release|Any CPU
		{55681E13-D158-4DCC-B86D-8BA68E78E28B}.Release|Any CPU.Build.0 = Release|Any CPU
		{55681E13-D158-4DCC-B86D-8BA68E78E28B}.Release|x64.ActiveCfg = Release|Any CPU
		{55681E13-D158-4DCC-B86D-8BA68E78E28B}.Release|x64.Build.0 = Release|Any CPU
		{55681E13-D158-4DCC-B86D-8BA68E78E28B}.Release|x86.ActiveCfg = Release|Any CPU
		{55681E13-D158-4DCC-B86D-8BA68E78E28B}.Release|x86.Build.0 = Release|Any CPU
		{8F3B15DF-0234-4175-B382-784B756C1187}.Debug|Any CPU.ActiveCfg = Debug|Any CPU
		{8F3B15DF-0234-4175-B382-784B756C1187}.Debug|Any CPU.Build.0 = Debug|Any CPU
		{8F3B15DF-0234-4175-B382-784B756C1187}.Debug|x64.ActiveCfg = Debug|Any CPU
		{8F3B15DF-0234-4175-B382-784B756C1187}.Debug|x64.Build.0 = Debug|Any CPU
		{8F3B15DF-0234-4175-B382-784B756C1187}.Debug|x86.ActiveCfg = Debug|Any CPU
		{8F3B15DF-0234-4175-B382-784B756C1187}.Debug|x86.Build.0 = Debug|Any CPU
		{8F3B15DF-0234-4175-B382-784B756C1187}.Release|Any CPU.ActiveCfg = Release|Any CPU
		{8F3B15DF-0234-4175-B382-784B756C1187}.Release|Any CPU.Build.0 = Release|Any CPU
		{8F3B15DF-0234-4175-B382-784B756C1187}.Release|x64.ActiveCfg = Release|Any CPU
		{8F3B15DF-0234-4175-B382-784B756C1187}.Release|x64.Build.0 = Release|Any CPU
		{8F3B15DF-0234-4175-B382-784B756C1187}.Release|x86.ActiveCfg = Release|Any CPU
		{8F3B15DF-0234-4175-B382-784B756C1187}.Release|x86.Build.0 = Release|Any CPU
	EndGlobalSection
	GlobalSection(SolutionProperties) = preSolution
		HideSolutionNode = FALSE
	EndGlobalSection
	GlobalSection(NestedProjects) = preSolution
		{8F3B15DF-0234-4175-B382-784B756C1187} = {0AB3BF05-4346-4AA6-1389-037BE0695223}
	EndGlobalSection
	GlobalSection(ExtensibilityGlobals) = postSolution
		SolutionGuid = {E981D19C-9C38-47A6-BA0E-0C127A271D30}
	EndGlobalSection
EndGlobal
